// !$*UTF8*$!
{
	archiveVersion = 1;
	classes = {
	};
	objectVersion = 55;
	objects = {

/* Begin PBXBuildFile section */
		E229BA2329E65E8400435833 /* FakeKeyEvents.swift in Sources */ = {isa = PBXBuildFile; fileRef = E229BA2229E65E8400435833 /* FakeKeyEvents.swift */; };
		E2324E0E2AEC223A00D012E1 /* LetterCase in Frameworks */ = {isa = PBXBuildFile; productRef = E2324E0D2AEC223A00D012E1 /* LetterCase */; };
		E2324E102AEC284500D012E1 /* Metal.framework in Frameworks */ = {isa = PBXBuildFile; fileRef = E2324E0F2AEC284500D012E1 /* Metal.framework */; };
		E249DF3A28A752B800479A6B /* MagicMacApp.swift in Sources */ = {isa = PBXBuildFile; fileRef = E249DF3928A752B800479A6B /* MagicMacApp.swift */; };
		E249DF3C28A752B800479A6B /* SettingsView.swift in Sources */ = {isa = PBXBuildFile; fileRef = E249DF3B28A752B800479A6B /* SettingsView.swift */; };
		E249DF4128A752B800479A6B /* Preview Assets.xcassets in Resources */ = {isa = PBXBuildFile; fileRef = E249DF4028A752B800479A6B /* Preview Assets.xcassets */; };
		E249DF5128A7587100479A6B /* KeyboardShortcuts in Frameworks */ = {isa = PBXBuildFile; productRef = E249DF5028A7587100479A6B /* KeyboardShortcuts */; };
		E249DF5328A7728800479A6B /* PolarityInverter.swift in Sources */ = {isa = PBXBuildFile; fileRef = E249DF5228A7728800479A6B /* PolarityInverter.swift */; };
		E249DF5528A7733500479A6B /* KeyboardShortcuts.swift in Sources */ = {isa = PBXBuildFile; fileRef = E249DF5428A7733500479A6B /* KeyboardShortcuts.swift */; };
		E249DF5728A77C6A00479A6B /* HoverSpeech.swift in Sources */ = {isa = PBXBuildFile; fileRef = E249DF5628A77C6A00479A6B /* HoverSpeech.swift */; };
		E249DF5928A8362900479A6B /* Permissions.swift in Sources */ = {isa = PBXBuildFile; fileRef = E249DF5828A8362900479A6B /* Permissions.swift */; };
		E249DF5B28A8413000479A6B /* NSSound.swift in Sources */ = {isa = PBXBuildFile; fileRef = E249DF5A28A8413000479A6B /* NSSound.swift */; };
		E25CF14329E70A3D00895FC3 /* ReplacementsManager.swift in Sources */ = {isa = PBXBuildFile; fileRef = E25CF14229E70A3D00895FC3 /* ReplacementsManager.swift */; };
		E28298DD29E620B60088437C /* SpeechManager.swift in Sources */ = {isa = PBXBuildFile; fileRef = E28298DC29E620B60088437C /* SpeechManager.swift */; };
		E282F0862AEA4DBD003035E2 /* KeyboardShortcutsManager.swift in Sources */ = {isa = PBXBuildFile; fileRef = E282F0852AEA4DBD003035E2 /* KeyboardShortcutsManager.swift */; };
		E282F0892AEA6857003035E2 /* SettingsAccess in Frameworks */ = {isa = PBXBuildFile; productRef = E282F0882AEA6857003035E2 /* SettingsAccess */; };
		E2A8F0BB2AEC457E0076969C /* MomentaryButtons.swift in Sources */ = {isa = PBXBuildFile; fileRef = E2A8F0BA2AEC457E0076969C /* MomentaryButtons.swift */; };
		E2AD352B2AE8F7A2008A3EBF /* InvertedColorManager.swift in Sources */ = {isa = PBXBuildFile; fileRef = E2AD352A2AE8F7A2008A3EBF /* InvertedColorManager.swift */; };
		E2C70D0029E6753E0099FFBA /* ReplacementsSettings.swift in Sources */ = {isa = PBXBuildFile; fileRef = E2C70CFF29E6753E0099FFBA /* ReplacementsSettings.swift */; };
		E2D32E6928A8C16F00F52439 /* ApplicationServices.framework in Frameworks */ = {isa = PBXBuildFile; fileRef = E2D32E6828A8C16F00F52439 /* ApplicationServices.framework */; };
		E2D32E6C28A8CF7E00F52439 /* AXSwift in Frameworks */ = {isa = PBXBuildFile; productRef = E2D32E6B28A8CF7E00F52439 /* AXSwift */; };
		E2D32E6E28A9794000F52439 /* DisplayDimmer.swift in Sources */ = {isa = PBXBuildFile; fileRef = E2D32E6D28A9794000F52439 /* DisplayDimmer.swift */; };
		E2E5ABCA28A86B99005C2B49 /* AppDelegate.swift in Sources */ = {isa = PBXBuildFile; fileRef = E2E5ABC928A86B99005C2B49 /* AppDelegate.swift */; };
		E2E5ABD528A86BC3005C2B49 /* Application.xib in Resources */ = {isa = PBXBuildFile; fileRef = E2E5ABD428A86BC3005C2B49 /* Application.xib */; };
		E2E5ABD728A86C67005C2B49 /* MagicMacLauncher.app in CopyFiles */ = {isa = PBXBuildFile; fileRef = E2E5ABC728A86B99005C2B49 /* MagicMacLauncher.app */; settings = {ATTRIBUTES = (RemoveHeadersOnCopy, ); }; };
		E2E5ABDA28A86C99005C2B49 /* ServiceManagement.framework in Frameworks */ = {isa = PBXBuildFile; fileRef = E2E5ABD928A86C99005C2B49 /* ServiceManagement.framework */; };
		E2E5ABDE28A86CE8005C2B49 /* UniversalAccess.framework in Frameworks */ = {isa = PBXBuildFile; fileRef = E2E5ABDD28A86CE8005C2B49 /* UniversalAccess.framework */; };
		E2E5ABE228A86CF7005C2B49 /* SkyLight.framework in Frameworks */ = {isa = PBXBuildFile; fileRef = E2E5ABE128A86CF7005C2B49 /* SkyLight.framework */; };
		E2E5ABE728A878EB005C2B49 /* MaximizeFrontWindow.swift in Sources */ = {isa = PBXBuildFile; fileRef = E2E5ABE628A878EB005C2B49 /* MaximizeFrontWindow.swift */; };
		E2FC512128A9832400A1FCA2 /* Assets.xcassets in Resources */ = {isa = PBXBuildFile; fileRef = E2FC512028A9832400A1FCA2 /* Assets.xcassets */; };
		E2FC512528A9918100A1FCA2 /* NSImage.swift in Sources */ = {isa = PBXBuildFile; fileRef = E2FC512428A9918100A1FCA2 /* NSImage.swift */; };
		E2FC512928A9B4FF00A1FCA2 /* README.md in Resources */ = {isa = PBXBuildFile; fileRef = E2FC512828A9B4FF00A1FCA2 /* README.md */; };
/* End PBXBuildFile section */

/* Begin PBXCopyFilesBuildPhase section */
		E249DF9B28A8632300479A6B /* CopyFiles */ = {
			isa = PBXCopyFilesBuildPhase;
			buildActionMask = 2147483647;
			dstPath = Contents/Library/LoginItems;
			dstSubfolderSpec = 1;
			files = (
				E2E5ABD728A86C67005C2B49 /* MagicMacLauncher.app in CopyFiles */,
			);
			runOnlyForDeploymentPostprocessing = 0;
		};
/* End PBXCopyFilesBuildPhase section */

/* Begin PBXFileReference section */
		E229BA2229E65E8400435833 /* FakeKeyEvents.swift */ = {isa = PBXFileReference; lastKnownFileType = sourcecode.swift; path = FakeKeyEvents.swift; sourceTree = "<group>"; };
		E2324E0F2AEC284500D012E1 /* Metal.framework */ = {isa = PBXFileReference; lastKnownFileType = wrapper.framework; name = Metal.framework; path = System/Library/Frameworks/Metal.framework; sourceTree = SDKROOT; };
		E249DF3628A752B800479A6B /* MagicMac.app */ = {isa = PBXFileReference; explicitFileType = wrapper.application; includeInIndex = 0; path = MagicMac.app; sourceTree = BUILT_PRODUCTS_DIR; };
		E249DF3928A752B800479A6B /* MagicMacApp.swift */ = {isa = PBXFileReference; lastKnownFileType = sourcecode.swift; path = MagicMacApp.swift; sourceTree = "<group>"; };
		E249DF3B28A752B800479A6B /* SettingsView.swift */ = {isa = PBXFileReference; lastKnownFileType = sourcecode.swift; path = SettingsView.swift; sourceTree = "<group>"; };
		E249DF4028A752B800479A6B /* Preview Assets.xcassets */ = {isa = PBXFileReference; lastKnownFileType = folder.assetcatalog; path = "Preview Assets.xcassets"; sourceTree = "<group>"; };
		E249DF4228A752B800479A6B /* MagicMac.entitlements */ = {isa = PBXFileReference; lastKnownFileType = text.plist.entitlements; path = MagicMac.entitlements; sourceTree = "<group>"; };
		E249DF4828A7538500479A6B /* MagicMac-Bridging-Header.h */ = {isa = PBXFileReference; lastKnownFileType = sourcecode.c.h; path = "MagicMac-Bridging-Header.h"; sourceTree = "<group>"; };
		E249DF5228A7728800479A6B /* PolarityInverter.swift */ = {isa = PBXFileReference; lastKnownFileType = sourcecode.swift; path = PolarityInverter.swift; sourceTree = "<group>"; };
		E249DF5428A7733500479A6B /* KeyboardShortcuts.swift */ = {isa = PBXFileReference; lastKnownFileType = sourcecode.swift; path = KeyboardShortcuts.swift; sourceTree = "<group>"; };
		E249DF5628A77C6A00479A6B /* HoverSpeech.swift */ = {isa = PBXFileReference; lastKnownFileType = sourcecode.swift; path = HoverSpeech.swift; sourceTree = "<group>"; };
		E249DF5828A8362900479A6B /* Permissions.swift */ = {isa = PBXFileReference; lastKnownFileType = sourcecode.swift; path = Permissions.swift; sourceTree = "<group>"; };
		E249DF5A28A8413000479A6B /* NSSound.swift */ = {isa = PBXFileReference; lastKnownFileType = sourcecode.swift; path = NSSound.swift; sourceTree = "<group>"; };
		E25CF14229E70A3D00895FC3 /* ReplacementsManager.swift */ = {isa = PBXFileReference; lastKnownFileType = sourcecode.swift; path = ReplacementsManager.swift; sourceTree = "<group>"; };
		E28298DC29E620B60088437C /* SpeechManager.swift */ = {isa = PBXFileReference; lastKnownFileType = sourcecode.swift; path = SpeechManager.swift; sourceTree = "<group>"; };
		E282F0852AEA4DBD003035E2 /* KeyboardShortcutsManager.swift */ = {isa = PBXFileReference; lastKnownFileType = sourcecode.swift; path = KeyboardShortcutsManager.swift; sourceTree = "<group>"; };
		E2A8F0BA2AEC457E0076969C /* MomentaryButtons.swift */ = {isa = PBXFileReference; lastKnownFileType = sourcecode.swift; path = MomentaryButtons.swift; sourceTree = "<group>"; };
		E2AD352A2AE8F7A2008A3EBF /* InvertedColorManager.swift */ = {isa = PBXFileReference; lastKnownFileType = sourcecode.swift; path = InvertedColorManager.swift; sourceTree = "<group>"; };
		E2C70CFF29E6753E0099FFBA /* ReplacementsSettings.swift */ = {isa = PBXFileReference; lastKnownFileType = sourcecode.swift; path = ReplacementsSettings.swift; sourceTree = "<group>"; };
		E2D32E6828A8C16F00F52439 /* ApplicationServices.framework */ = {isa = PBXFileReference; lastKnownFileType = wrapper.framework; name = ApplicationServices.framework; path = System/Library/Frameworks/ApplicationServices.framework; sourceTree = SDKROOT; };
		E2D32E6D28A9794000F52439 /* DisplayDimmer.swift */ = {isa = PBXFileReference; lastKnownFileType = sourcecode.swift; path = DisplayDimmer.swift; sourceTree = "<group>"; };
		E2E5ABC728A86B99005C2B49 /* MagicMacLauncher.app */ = {isa = PBXFileReference; explicitFileType = wrapper.application; includeInIndex = 0; path = MagicMacLauncher.app; sourceTree = BUILT_PRODUCTS_DIR; };
		E2E5ABC928A86B99005C2B49 /* AppDelegate.swift */ = {isa = PBXFileReference; lastKnownFileType = sourcecode.swift; path = AppDelegate.swift; sourceTree = "<group>"; };
		E2E5ABD428A86BC3005C2B49 /* Application.xib */ = {isa = PBXFileReference; lastKnownFileType = file.xib; path = Application.xib; sourceTree = "<group>"; };
		E2E5ABD628A86C3F005C2B49 /* Info.plist */ = {isa = PBXFileReference; lastKnownFileType = text.plist; path = Info.plist; sourceTree = "<group>"; };
		E2E5ABD928A86C99005C2B49 /* ServiceManagement.framework */ = {isa = PBXFileReference; lastKnownFileType = wrapper.framework; name = ServiceManagement.framework; path = System/Library/Frameworks/ServiceManagement.framework; sourceTree = SDKROOT; };
		E2E5ABDB28A86CAC005C2B49 /* libUniversalAccess.tbd */ = {isa = PBXFileReference; lastKnownFileType = "sourcecode.text-based-dylib-definition"; name = libUniversalAccess.tbd; path = usr/lib/libUniversalAccess.tbd; sourceTree = SDKROOT; };
		E2E5ABDD28A86CE8005C2B49 /* UniversalAccess.framework */ = {isa = PBXFileReference; lastKnownFileType = wrapper.framework; name = UniversalAccess.framework; path = ../../../System/Library/PrivateFrameworks/UniversalAccess.framework; sourceTree = "<group>"; };
		E2E5ABE128A86CF7005C2B49 /* SkyLight.framework */ = {isa = PBXFileReference; lastKnownFileType = wrapper.framework; name = SkyLight.framework; path = ../../../System/Library/PrivateFrameworks/SkyLight.framework; sourceTree = "<group>"; };
		E2E5ABE528A87072005C2B49 /* MagicMacLauncher.entitlements */ = {isa = PBXFileReference; lastKnownFileType = text.plist.entitlements; path = MagicMacLauncher.entitlements; sourceTree = "<group>"; };
		E2E5ABE628A878EB005C2B49 /* MaximizeFrontWindow.swift */ = {isa = PBXFileReference; lastKnownFileType = sourcecode.swift; path = MaximizeFrontWindow.swift; sourceTree = "<group>"; };
		E2FC512028A9832400A1FCA2 /* Assets.xcassets */ = {isa = PBXFileReference; lastKnownFileType = folder.assetcatalog; path = Assets.xcassets; sourceTree = "<group>"; };
		E2FC512428A9918100A1FCA2 /* NSImage.swift */ = {isa = PBXFileReference; lastKnownFileType = sourcecode.swift; path = NSImage.swift; sourceTree = "<group>"; };
		E2FC512828A9B4FF00A1FCA2 /* README.md */ = {isa = PBXFileReference; fileEncoding = 4; lastKnownFileType = net.daringfireball.markdown; path = README.md; sourceTree = "<group>"; };
		E2FC512A28A9B84700A1FCA2 /* Info.plist */ = {isa = PBXFileReference; lastKnownFileType = text.plist; path = Info.plist; sourceTree = "<group>"; };
/* End PBXFileReference section */

/* Begin PBXFrameworksBuildPhase section */
		E249DF3328A752B700479A6B /* Frameworks */ = {
			isa = PBXFrameworksBuildPhase;
			buildActionMask = 2147483647;
			files = (
				E282F0892AEA6857003035E2 /* SettingsAccess in Frameworks */,
				E2324E102AEC284500D012E1 /* Metal.framework in Frameworks */,
				E2D32E6928A8C16F00F52439 /* ApplicationServices.framework in Frameworks */,
				E2E5ABDE28A86CE8005C2B49 /* UniversalAccess.framework in Frameworks */,
				E2E5ABE228A86CF7005C2B49 /* SkyLight.framework in Frameworks */,
				E2D32E6C28A8CF7E00F52439 /* AXSwift in Frameworks */,
				E2E5ABDA28A86C99005C2B49 /* ServiceManagement.framework in Frameworks */,
				E2324E0E2AEC223A00D012E1 /* LetterCase in Frameworks */,
				E249DF5128A7587100479A6B /* KeyboardShortcuts in Frameworks */,
			);
			runOnlyForDeploymentPostprocessing = 0;
		};
		E2E5ABC428A86B99005C2B49 /* Frameworks */ = {
			isa = PBXFrameworksBuildPhase;
			buildActionMask = 2147483647;
			files = (
			);
			runOnlyForDeploymentPostprocessing = 0;
		};
/* End PBXFrameworksBuildPhase section */

/* Begin PBXGroup section */
		E249DF2D28A752B700479A6B = {
			isa = PBXGroup;
			children = (
				E2FC512828A9B4FF00A1FCA2 /* README.md */,
				E249DF3828A752B800479A6B /* MagicMac */,
				E2E5ABC828A86B99005C2B49 /* MagicMacLauncher */,
				E249DF3728A752B800479A6B /* Products */,
				E2E5ABD828A86C99005C2B49 /* Frameworks */,
			);
			sourceTree = "<group>";
		};
		E249DF3728A752B800479A6B /* Products */ = {
			isa = PBXGroup;
			children = (
				E249DF3628A752B800479A6B /* MagicMac.app */,
				E2E5ABC728A86B99005C2B49 /* MagicMacLauncher.app */,
			);
			name = Products;
			sourceTree = "<group>";
		};
		E249DF3828A752B800479A6B /* MagicMac */ = {
			isa = PBXGroup;
			children = (
				E2A8F0B92AEC45740076969C /* Components */,
				E2FC512A28A9B84700A1FCA2 /* Info.plist */,
				E249DF3928A752B800479A6B /* MagicMacApp.swift */,
				E249DF3B28A752B800479A6B /* SettingsView.swift */,
				E249DF4228A752B800479A6B /* MagicMac.entitlements */,
				E249DF3F28A752B800479A6B /* Preview Content */,
				E249DF4828A7538500479A6B /* MagicMac-Bridging-Header.h */,
				E249DF5228A7728800479A6B /* PolarityInverter.swift */,
				E249DF5428A7733500479A6B /* KeyboardShortcuts.swift */,
				E249DF5628A77C6A00479A6B /* HoverSpeech.swift */,
				E249DF5828A8362900479A6B /* Permissions.swift */,
				E249DF5A28A8413000479A6B /* NSSound.swift */,
				E2E5ABE628A878EB005C2B49 /* MaximizeFrontWindow.swift */,
				E2D32E6D28A9794000F52439 /* DisplayDimmer.swift */,
				E2FC512028A9832400A1FCA2 /* Assets.xcassets */,
				E2FC512428A9918100A1FCA2 /* NSImage.swift */,
				E28298DC29E620B60088437C /* SpeechManager.swift */,
				E229BA2229E65E8400435833 /* FakeKeyEvents.swift */,
				E2C70CFF29E6753E0099FFBA /* ReplacementsSettings.swift */,
				E25CF14229E70A3D00895FC3 /* ReplacementsManager.swift */,
				E2AD352A2AE8F7A2008A3EBF /* InvertedColorManager.swift */,
				E282F0852AEA4DBD003035E2 /* KeyboardShortcutsManager.swift */,
			);
			path = MagicMac;
			sourceTree = "<group>";
		};
		E249DF3F28A752B800479A6B /* Preview Content */ = {
			isa = PBXGroup;
			children = (
				E249DF4028A752B800479A6B /* Preview Assets.xcassets */,
			);
			path = "Preview Content";
			sourceTree = "<group>";
		};
		E2A8F0B92AEC45740076969C /* Components */ = {
			isa = PBXGroup;
			children = (
				E2A8F0BA2AEC457E0076969C /* MomentaryButtons.swift */,
			);
			path = Components;
			sourceTree = "<group>";
		};
		E2E5ABC828A86B99005C2B49 /* MagicMacLauncher */ = {
			isa = PBXGroup;
			children = (
				E2E5ABE528A87072005C2B49 /* MagicMacLauncher.entitlements */,
				E2E5ABD628A86C3F005C2B49 /* Info.plist */,
				E2E5ABC928A86B99005C2B49 /* AppDelegate.swift */,
				E2E5ABD428A86BC3005C2B49 /* Application.xib */,
			);
			path = MagicMacLauncher;
			sourceTree = "<group>";
		};
		E2E5ABD828A86C99005C2B49 /* Frameworks */ = {
			isa = PBXGroup;
			children = (
				E2324E0F2AEC284500D012E1 /* Metal.framework */,
				E2D32E6828A8C16F00F52439 /* ApplicationServices.framework */,
				E2E5ABE128A86CF7005C2B49 /* SkyLight.framework */,
				E2E5ABDD28A86CE8005C2B49 /* UniversalAccess.framework */,
				E2E5ABDB28A86CAC005C2B49 /* libUniversalAccess.tbd */,
				E2E5ABD928A86C99005C2B49 /* ServiceManagement.framework */,
			);
			name = Frameworks;
			sourceTree = "<group>";
		};
/* End PBXGroup section */

/* Begin PBXNativeTarget section */
		E249DF3528A752B700479A6B /* MagicMac */ = {
			isa = PBXNativeTarget;
			buildConfigurationList = E249DF4528A752B800479A6B /* Build configuration list for PBXNativeTarget "MagicMac" */;
			buildPhases = (
				E249DF3228A752B700479A6B /* Sources */,
				E249DF3328A752B700479A6B /* Frameworks */,
				E249DF3428A752B700479A6B /* Resources */,
				E249DF9B28A8632300479A6B /* CopyFiles */,
			);
			buildRules = (
			);
			dependencies = (
			);
			name = MagicMac;
			packageProductDependencies = (
				E249DF5028A7587100479A6B /* KeyboardShortcuts */,
				E2D32E6B28A8CF7E00F52439 /* AXSwift */,
				E282F0882AEA6857003035E2 /* SettingsAccess */,
				E2324E0D2AEC223A00D012E1 /* LetterCase */,
			);
			productName = MagicMac;
			productReference = E249DF3628A752B800479A6B /* MagicMac.app */;
			productType = "com.apple.product-type.application";
		};
		E2E5ABC628A86B99005C2B49 /* MagicMacLauncher */ = {
			isa = PBXNativeTarget;
			buildConfigurationList = E2E5ABD128A86B9A005C2B49 /* Build configuration list for PBXNativeTarget "MagicMacLauncher" */;
			buildPhases = (
				E2E5ABC328A86B99005C2B49 /* Sources */,
				E2E5ABC428A86B99005C2B49 /* Frameworks */,
				E2E5ABC528A86B99005C2B49 /* Resources */,
			);
			buildRules = (
			);
			dependencies = (
			);
			name = MagicMacLauncher;
			productName = MagicMacLauncher;
			productReference = E2E5ABC728A86B99005C2B49 /* MagicMacLauncher.app */;
			productType = "com.apple.product-type.application";
		};
/* End PBXNativeTarget section */

/* Begin PBXProject section */
		E249DF2E28A752B700479A6B /* Project object */ = {
			isa = PBXProject;
			attributes = {
				BuildIndependentTargetsInParallel = 1;
				LastSwiftUpdateCheck = 1340;
				LastUpgradeCheck = 1430;
				TargetAttributes = {
					E249DF3528A752B700479A6B = {
						CreatedOnToolsVersion = 13.4.1;
						LastSwiftMigration = 1340;
					};
					E2E5ABC628A86B99005C2B49 = {
						CreatedOnToolsVersion = 13.4.1;
					};
				};
			};
			buildConfigurationList = E249DF3128A752B700479A6B /* Build configuration list for PBXProject "MagicMac" */;
			compatibilityVersion = "Xcode 13.0";
			developmentRegion = en;
			hasScannedForEncodings = 0;
			knownRegions = (
				en,
				Base,
			);
			mainGroup = E249DF2D28A752B700479A6B;
			packageReferences = (
				E249DF4F28A7587100479A6B /* XCRemoteSwiftPackageReference "KeyboardShortcuts" */,
				E2D32E6A28A8CF7E00F52439 /* XCRemoteSwiftPackageReference "AXSwift" */,
				E282F0872AEA6857003035E2 /* XCRemoteSwiftPackageReference "SettingsAccess" */,
				E2324E0C2AEC223A00D012E1 /* XCRemoteSwiftPackageReference "LetterCase" */,
			);
			productRefGroup = E249DF3728A752B800479A6B /* Products */;
			projectDirPath = "";
			projectRoot = "";
			targets = (
				E249DF3528A752B700479A6B /* MagicMac */,
				E2E5ABC628A86B99005C2B49 /* MagicMacLauncher */,
			);
		};
/* End PBXProject section */

/* Begin PBXResourcesBuildPhase section */
		E249DF3428A752B700479A6B /* Resources */ = {
			isa = PBXResourcesBuildPhase;
			buildActionMask = 2147483647;
			files = (
				E249DF4128A752B800479A6B /* Preview Assets.xcassets in Resources */,
				E2FC512128A9832400A1FCA2 /* Assets.xcassets in Resources */,
				E2FC512928A9B4FF00A1FCA2 /* README.md in Resources */,
			);
			runOnlyForDeploymentPostprocessing = 0;
		};
		E2E5ABC528A86B99005C2B49 /* Resources */ = {
			isa = PBXResourcesBuildPhase;
			buildActionMask = 2147483647;
			files = (
				E2E5ABD528A86BC3005C2B49 /* Application.xib in Resources */,
			);
			runOnlyForDeploymentPostprocessing = 0;
		};
/* End PBXResourcesBuildPhase section */

/* Begin PBXSourcesBuildPhase section */
		E249DF3228A752B700479A6B /* Sources */ = {
			isa = PBXSourcesBuildPhase;
			buildActionMask = 2147483647;
			files = (
				E2AD352B2AE8F7A2008A3EBF /* InvertedColorManager.swift in Sources */,
				E28298DD29E620B60088437C /* SpeechManager.swift in Sources */,
				E2C70D0029E6753E0099FFBA /* ReplacementsSettings.swift in Sources */,
				E282F0862AEA4DBD003035E2 /* KeyboardShortcutsManager.swift in Sources */,
				E249DF3C28A752B800479A6B /* SettingsView.swift in Sources */,
				E2D32E6E28A9794000F52439 /* DisplayDimmer.swift in Sources */,
				E25CF14329E70A3D00895FC3 /* ReplacementsManager.swift in Sources */,
				E229BA2329E65E8400435833 /* FakeKeyEvents.swift in Sources */,
				E249DF3A28A752B800479A6B /* MagicMacApp.swift in Sources */,
				E249DF5528A7733500479A6B /* KeyboardShortcuts.swift in Sources */,
				E2E5ABE728A878EB005C2B49 /* MaximizeFrontWindow.swift in Sources */,
				E249DF5728A77C6A00479A6B /* HoverSpeech.swift in Sources */,
				E249DF5928A8362900479A6B /* Permissions.swift in Sources */,
				E249DF5328A7728800479A6B /* PolarityInverter.swift in Sources */,
				E2FC512528A9918100A1FCA2 /* NSImage.swift in Sources */,
				E2A8F0BB2AEC457E0076969C /* MomentaryButtons.swift in Sources */,
				E249DF5B28A8413000479A6B /* NSSound.swift in Sources */,
			);
			runOnlyForDeploymentPostprocessing = 0;
		};
		E2E5ABC328A86B99005C2B49 /* Sources */ = {
			isa = PBXSourcesBuildPhase;
			buildActionMask = 2147483647;
			files = (
				E2E5ABCA28A86B99005C2B49 /* AppDelegate.swift in Sources */,
			);
			runOnlyForDeploymentPostprocessing = 0;
		};
/* End PBXSourcesBuildPhase section */

/* Begin XCBuildConfiguration section */
		E249DF4328A752B800479A6B /* Debug */ = {
			isa = XCBuildConfiguration;
			buildSettings = {
				ALWAYS_SEARCH_USER_PATHS = NO;
				CLANG_ANALYZER_NONNULL = YES;
				CLANG_ANALYZER_NUMBER_OBJECT_CONVERSION = YES_AGGRESSIVE;
				CLANG_CXX_LANGUAGE_STANDARD = "gnu++17";
				CLANG_ENABLE_MODULES = YES;
				CLANG_ENABLE_OBJC_ARC = YES;
				CLANG_ENABLE_OBJC_WEAK = YES;
				CLANG_WARN_BLOCK_CAPTURE_AUTORELEASING = YES;
				CLANG_WARN_BOOL_CONVERSION = YES;
				CLANG_WARN_COMMA = YES;
				CLANG_WARN_CONSTANT_CONVERSION = YES;
				CLANG_WARN_DEPRECATED_OBJC_IMPLEMENTATIONS = YES;
				CLANG_WARN_DIRECT_OBJC_ISA_USAGE = YES_ERROR;
				CLANG_WARN_DOCUMENTATION_COMMENTS = YES;
				CLANG_WARN_EMPTY_BODY = YES;
				CLANG_WARN_ENUM_CONVERSION = YES;
				CLANG_WARN_INFINITE_RECURSION = YES;
				CLANG_WARN_INT_CONVERSION = YES;
				CLANG_WARN_NON_LITERAL_NULL_CONVERSION = YES;
				CLANG_WARN_OBJC_IMPLICIT_RETAIN_SELF = YES;
				CLANG_WARN_OBJC_LITERAL_CONVERSION = YES;
				CLANG_WARN_OBJC_ROOT_CLASS = YES_ERROR;
				CLANG_WARN_QUOTED_INCLUDE_IN_FRAMEWORK_HEADER = YES;
				CLANG_WARN_RANGE_LOOP_ANALYSIS = YES;
				CLANG_WARN_STRICT_PROTOTYPES = YES;
				CLANG_WARN_SUSPICIOUS_MOVE = YES;
				CLANG_WARN_UNGUARDED_AVAILABILITY = YES_AGGRESSIVE;
				CLANG_WARN_UNREACHABLE_CODE = YES;
				CLANG_WARN__DUPLICATE_METHOD_MATCH = YES;
				COPY_PHASE_STRIP = NO;
				DEAD_CODE_STRIPPING = YES;
				DEBUG_INFORMATION_FORMAT = dwarf;
				ENABLE_STRICT_OBJC_MSGSEND = YES;
				ENABLE_TESTABILITY = YES;
				EXCLUDED_ARCHS = "";
				GCC_C_LANGUAGE_STANDARD = gnu11;
				GCC_DYNAMIC_NO_PIC = NO;
				GCC_NO_COMMON_BLOCKS = YES;
				GCC_OPTIMIZATION_LEVEL = 0;
				GCC_PREPROCESSOR_DEFINITIONS = (
					"DEBUG=1",
					"$(inherited)",
				);
				GCC_WARN_64_TO_32_BIT_CONVERSION = YES;
				GCC_WARN_ABOUT_RETURN_TYPE = YES_ERROR;
				GCC_WARN_UNDECLARED_SELECTOR = YES;
				GCC_WARN_UNINITIALIZED_AUTOS = YES_AGGRESSIVE;
				GCC_WARN_UNUSED_FUNCTION = YES;
				GCC_WARN_UNUSED_VARIABLE = YES;
				MACOSX_DEPLOYMENT_TARGET = 14.0;
				MTL_ENABLE_DEBUG_INFO = INCLUDE_SOURCE;
				MTL_FAST_MATH = YES;
				ONLY_ACTIVE_ARCH = YES;
				SDKROOT = macosx;
				SWIFT_ACTIVE_COMPILATION_CONDITIONS = DEBUG;
				SWIFT_OPTIMIZATION_LEVEL = "-Onone";
			};
			name = Debug;
		};
		E249DF4428A752B800479A6B /* Release */ = {
			isa = XCBuildConfiguration;
			buildSettings = {
				ALWAYS_SEARCH_USER_PATHS = NO;
				CLANG_ANALYZER_NONNULL = YES;
				CLANG_ANALYZER_NUMBER_OBJECT_CONVERSION = YES_AGGRESSIVE;
				CLANG_CXX_LANGUAGE_STANDARD = "gnu++17";
				CLANG_ENABLE_MODULES = YES;
				CLANG_ENABLE_OBJC_ARC = YES;
				CLANG_ENABLE_OBJC_WEAK = YES;
				CLANG_WARN_BLOCK_CAPTURE_AUTORELEASING = YES;
				CLANG_WARN_BOOL_CONVERSION = YES;
				CLANG_WARN_COMMA = YES;
				CLANG_WARN_CONSTANT_CONVERSION = YES;
				CLANG_WARN_DEPRECATED_OBJC_IMPLEMENTATIONS = YES;
				CLANG_WARN_DIRECT_OBJC_ISA_USAGE = YES_ERROR;
				CLANG_WARN_DOCUMENTATION_COMMENTS = YES;
				CLANG_WARN_EMPTY_BODY = YES;
				CLANG_WARN_ENUM_CONVERSION = YES;
				CLANG_WARN_INFINITE_RECURSION = YES;
				CLANG_WARN_INT_CONVERSION = YES;
				CLANG_WARN_NON_LITERAL_NULL_CONVERSION = YES;
				CLANG_WARN_OBJC_IMPLICIT_RETAIN_SELF = YES;
				CLANG_WARN_OBJC_LITERAL_CONVERSION = YES;
				CLANG_WARN_OBJC_ROOT_CLASS = YES_ERROR;
				CLANG_WARN_QUOTED_INCLUDE_IN_FRAMEWORK_HEADER = YES;
				CLANG_WARN_RANGE_LOOP_ANALYSIS = YES;
				CLANG_WARN_STRICT_PROTOTYPES = YES;
				CLANG_WARN_SUSPICIOUS_MOVE = YES;
				CLANG_WARN_UNGUARDED_AVAILABILITY = YES_AGGRESSIVE;
				CLANG_WARN_UNREACHABLE_CODE = YES;
				CLANG_WARN__DUPLICATE_METHOD_MATCH = YES;
				COPY_PHASE_STRIP = NO;
				DEAD_CODE_STRIPPING = YES;
				DEBUG_INFORMATION_FORMAT = "dwarf-with-dsym";
				ENABLE_NS_ASSERTIONS = NO;
				ENABLE_STRICT_OBJC_MSGSEND = YES;
				EXCLUDED_ARCHS = "";
				GCC_C_LANGUAGE_STANDARD = gnu11;
				GCC_NO_COMMON_BLOCKS = YES;
				GCC_WARN_64_TO_32_BIT_CONVERSION = YES;
				GCC_WARN_ABOUT_RETURN_TYPE = YES_ERROR;
				GCC_WARN_UNDECLARED_SELECTOR = YES;
				GCC_WARN_UNINITIALIZED_AUTOS = YES_AGGRESSIVE;
				GCC_WARN_UNUSED_FUNCTION = YES;
				GCC_WARN_UNUSED_VARIABLE = YES;
				MACOSX_DEPLOYMENT_TARGET = 14.0;
				MTL_ENABLE_DEBUG_INFO = NO;
				MTL_FAST_MATH = YES;
				SDKROOT = macosx;
				SWIFT_COMPILATION_MODE = wholemodule;
				SWIFT_OPTIMIZATION_LEVEL = "-O";
			};
			name = Release;
		};
		E249DF4628A752B800479A6B /* Debug */ = {
			isa = XCBuildConfiguration;
			buildSettings = {
				ASSETCATALOG_COMPILER_APPICON_NAME = AppIcon;
				ASSETCATALOG_COMPILER_GLOBAL_ACCENT_COLOR_NAME = AccentColor;
				ASSETCATALOG_COMPILER_INCLUDE_ALL_APPICON_ASSETS = YES;
				CLANG_ENABLE_MODULES = YES;
				CODE_SIGN_ENTITLEMENTS = MagicMac/MagicMac.entitlements;
				CODE_SIGN_IDENTITY = "Apple Development";
				"CODE_SIGN_IDENTITY[sdk=macosx*]" = "3rd Party Mac Developer Application";
				CODE_SIGN_STYLE = Manual;
				COMBINE_HIDPI_IMAGES = YES;
				CURRENT_PROJECT_VERSION = 1;
				DEAD_CODE_STRIPPING = YES;
				DEVELOPMENT_ASSET_PATHS = "\"MagicMac/Preview Content\"";
				DEVELOPMENT_TEAM = "";
				"DEVELOPMENT_TEAM[sdk=macosx*]" = LSQM3T2SC6;
				ENABLE_HARDENED_RUNTIME = YES;
				ENABLE_PREVIEWS = YES;
				GENERATE_INFOPLIST_FILE = YES;
				INFOPLIST_FILE = MagicMac/Info.plist;
				INFOPLIST_KEY_LSApplicationCategoryType = "public.app-category.utilities";
				INFOPLIST_KEY_NSAppleEventsUsageDescription = "Send AppleScript Events for Accessibility";
				INFOPLIST_KEY_NSHumanReadableCopyright = "";
				LD_RUNPATH_SEARCH_PATHS = (
					"$(inherited)",
					"@executable_path/../Frameworks",
				);
				MACOSX_DEPLOYMENT_TARGET = 14.0;
				MARKETING_VERSION = 1.0;
				PRODUCT_BUNDLE_IDENTIFIER = com.dra11y.MagicMac;
				PRODUCT_NAME = "$(TARGET_NAME)";
				PROVISIONING_PROFILE_SPECIFIER = "";
				SWIFT_EMIT_LOC_STRINGS = YES;
				SWIFT_OBJC_BRIDGING_HEADER = "MagicMac/MagicMac-Bridging-Header.h";
				SWIFT_OPTIMIZATION_LEVEL = "-Onone";
				SWIFT_VERSION = 5.0;
				SYSTEM_FRAMEWORK_SEARCH_PATHS = (
					"$(inherited)",
					"$(SYSTEM_LIBRARY_DIR)/PrivateFrameworks",
				);
			};
			name = Debug;
		};
		E249DF4728A752B800479A6B /* Release */ = {
			isa = XCBuildConfiguration;
			buildSettings = {
				ASSETCATALOG_COMPILER_APPICON_NAME = AppIcon;
				ASSETCATALOG_COMPILER_GLOBAL_ACCENT_COLOR_NAME = AccentColor;
				ASSETCATALOG_COMPILER_INCLUDE_ALL_APPICON_ASSETS = YES;
				CLANG_ENABLE_MODULES = YES;
				CODE_SIGN_ENTITLEMENTS = MagicMac/MagicMac.entitlements;
				CODE_SIGN_IDENTITY = "Apple Development";
				"CODE_SIGN_IDENTITY[sdk=macosx*]" = "3rd Party Mac Developer Application";
				CODE_SIGN_STYLE = Manual;
				COMBINE_HIDPI_IMAGES = YES;
				CURRENT_PROJECT_VERSION = 1;
				DEAD_CODE_STRIPPING = YES;
				DEVELOPMENT_ASSET_PATHS = "\"MagicMac/Preview Content\"";
				DEVELOPMENT_TEAM = "";
				"DEVELOPMENT_TEAM[sdk=macosx*]" = LSQM3T2SC6;
				ENABLE_HARDENED_RUNTIME = YES;
				ENABLE_PREVIEWS = YES;
				GENERATE_INFOPLIST_FILE = YES;
				INFOPLIST_FILE = MagicMac/Info.plist;
				INFOPLIST_KEY_LSApplicationCategoryType = "public.app-category.utilities";
				INFOPLIST_KEY_NSAppleEventsUsageDescription = "Send AppleScript Events for Accessibility";
				INFOPLIST_KEY_NSHumanReadableCopyright = "";
				LD_RUNPATH_SEARCH_PATHS = (
					"$(inherited)",
					"@executable_path/../Frameworks",
				);
				MACOSX_DEPLOYMENT_TARGET = 14.0;
				MARKETING_VERSION = 1.0;
				PRODUCT_BUNDLE_IDENTIFIER = com.dra11y.MagicMac;
				PRODUCT_NAME = "$(TARGET_NAME)";
				PROVISIONING_PROFILE_SPECIFIER = "";
				SWIFT_EMIT_LOC_STRINGS = YES;
				SWIFT_OBJC_BRIDGING_HEADER = "MagicMac/MagicMac-Bridging-Header.h";
				SWIFT_VERSION = 5.0;
				SYSTEM_FRAMEWORK_SEARCH_PATHS = (
					"$(inherited)",
					"$(SYSTEM_LIBRARY_DIR)/PrivateFrameworks",
				);
			};
			name = Release;
		};
		E2E5ABD228A86B9A005C2B49 /* Debug */ = {
			isa = XCBuildConfiguration;
			buildSettings = {
				ASSETCATALOG_COMPILER_APPICON_NAME = AppIcon;
				ASSETCATALOG_COMPILER_GLOBAL_ACCENT_COLOR_NAME = AccentColor;
				CODE_SIGN_ENTITLEMENTS = MagicMacLauncher/MagicMacLauncher.entitlements;
				CODE_SIGN_IDENTITY = "Apple Development";
				"CODE_SIGN_IDENTITY[sdk=macosx*]" = "3rd Party Mac Developer Application";
				CODE_SIGN_STYLE = Manual;
				COMBINE_HIDPI_IMAGES = YES;
				CURRENT_PROJECT_VERSION = 1;
				DEAD_CODE_STRIPPING = YES;
				DEVELOPMENT_TEAM = "";
				"DEVELOPMENT_TEAM[sdk=macosx*]" = LSQM3T2SC6;
				ENABLE_HARDENED_RUNTIME = YES;
				GENERATE_INFOPLIST_FILE = YES;
				INFOPLIST_FILE = MagicMacLauncher/Info.plist;
				INFOPLIST_KEY_LSApplicationCategoryType = "public.app-category.utilities";
				INFOPLIST_KEY_NSAppleEventsUsageDescription = "Send AppleScript Events for Accessibility";
				INFOPLIST_KEY_NSHumanReadableCopyright = "";
				INFOPLIST_KEY_NSMainNibFile = Application;
				INFOPLIST_KEY_NSPrincipalClass = NSApplication;
				LD_RUNPATH_SEARCH_PATHS = (
					"$(inherited)",
					"@executable_path/../Frameworks",
				);
				MARKETING_VERSION = 1.0;
				PRODUCT_BUNDLE_IDENTIFIER = com.dra11y.MagicMacLauncher;
				PRODUCT_NAME = "$(TARGET_NAME)";
				PROVISIONING_PROFILE_SPECIFIER = "";
				SKIP_INSTALL = YES;
				SWIFT_EMIT_LOC_STRINGS = YES;
				SWIFT_VERSION = 5.0;
			};
			name = Debug;
		};
		E2E5ABD328A86B9A005C2B49 /* Release */ = {
			isa = XCBuildConfiguration;
			buildSettings = {
				ASSETCATALOG_COMPILER_APPICON_NAME = AppIcon;
				ASSETCATALOG_COMPILER_GLOBAL_ACCENT_COLOR_NAME = AccentColor;
				CODE_SIGN_ENTITLEMENTS = MagicMacLauncher/MagicMacLauncher.entitlements;
				CODE_SIGN_IDENTITY = "Apple Development";
				"CODE_SIGN_IDENTITY[sdk=macosx*]" = "3rd Party Mac Developer Application";
				CODE_SIGN_STYLE = Manual;
				COMBINE_HIDPI_IMAGES = YES;
				CURRENT_PROJECT_VERSION = 1;
				DEAD_CODE_STRIPPING = YES;
				DEVELOPMENT_TEAM = "";
				"DEVELOPMENT_TEAM[sdk=macosx*]" = LSQM3T2SC6;
				ENABLE_HARDENED_RUNTIME = YES;
				GENERATE_INFOPLIST_FILE = YES;
				INFOPLIST_FILE = MagicMacLauncher/Info.plist;
				INFOPLIST_KEY_LSApplicationCategoryType = "public.app-category.utilities";
				INFOPLIST_KEY_NSAppleEventsUsageDescription = "Send AppleScript Events for Accessibility";
				INFOPLIST_KEY_NSHumanReadableCopyright = "";
				INFOPLIST_KEY_NSMainNibFile = Application;
				INFOPLIST_KEY_NSPrincipalClass = NSApplication;
				LD_RUNPATH_SEARCH_PATHS = (
					"$(inherited)",
					"@executable_path/../Frameworks",
				);
				MARKETING_VERSION = 1.0;
				PRODUCT_BUNDLE_IDENTIFIER = com.dra11y.MagicMacLauncher;
				PRODUCT_NAME = "$(TARGET_NAME)";
				PROVISIONING_PROFILE_SPECIFIER = "";
				SKIP_INSTALL = YES;
				SWIFT_EMIT_LOC_STRINGS = YES;
				SWIFT_VERSION = 5.0;
			};
			name = Release;
		};
/* End XCBuildConfiguration section */

/* Begin XCConfigurationList section */
		E249DF3128A752B700479A6B /* Build configuration list for PBXProject "MagicMac" */ = {
			isa = XCConfigurationList;
			buildConfigurations = (
				E249DF4328A752B800479A6B /* Debug */,
				E249DF4428A752B800479A6B /* Release */,
			);
			defaultConfigurationIsVisible = 0;
			defaultConfigurationName = Release;
		};
		E249DF4528A752B800479A6B /* Build configuration list for PBXNativeTarget "MagicMac" */ = {
			isa = XCConfigurationList;
			buildConfigurations = (
				E249DF4628A752B800479A6B /* Debug */,
				E249DF4728A752B800479A6B /* Release */,
			);
			defaultConfigurationIsVisible = 0;
			defaultConfigurationName = Release;
		};
		E2E5ABD128A86B9A005C2B49 /* Build configuration list for PBXNativeTarget "MagicMacLauncher" */ = {
			isa = XCConfigurationList;
			buildConfigurations = (
				E2E5ABD228A86B9A005C2B49 /* Debug */,
				E2E5ABD328A86B9A005C2B49 /* Release */,
			);
			defaultConfigurationIsVisible = 0;
			defaultConfigurationName = Release;
		};
/* End XCConfigurationList section */

/* Begin XCRemoteSwiftPackageReference section */
		E2324E0C2AEC223A00D012E1 /* XCRemoteSwiftPackageReference "LetterCase" */ = {
			isa = XCRemoteSwiftPackageReference;
			repositoryURL = "https://github.com/rwbutler/LetterCase";
			requirement = {
				kind = upToNextMajorVersion;
				minimumVersion = 1.6.1;
			};
		};
		E249DF4F28A7587100479A6B /* XCRemoteSwiftPackageReference "KeyboardShortcuts" */ = {
			isa = XCRemoteSwiftPackageReference;
			repositoryURL = "https://github.com/sindresorhus/KeyboardShortcuts";
			requirement = {
				kind = upToNextMajorVersion;
				minimumVersion = 1.7.1;
			};
		};
		E282F0872AEA6857003035E2 /* XCRemoteSwiftPackageReference "SettingsAccess" */ = {
			isa = XCRemoteSwiftPackageReference;
			repositoryURL = "https://github.com/orchetect/SettingsAccess";
			requirement = {
				kind = upToNextMajorVersion;
				minimumVersion = 1.4.0;
			};
		};
		E2D32E6A28A8CF7E00F52439 /* XCRemoteSwiftPackageReference "AXSwift" */ = {
			isa = XCRemoteSwiftPackageReference;
			repositoryURL = "https://github.com/tmandry/AXSwift";
			requirement = {
				kind = upToNextMajorVersion;
				minimumVersion = 0.3.2;
			};
		};
/* End XCRemoteSwiftPackageReference section */

/* Begin XCSwiftPackageProductDependency section */
		E2324E0D2AEC223A00D012E1 /* LetterCase */ = {
			isa = XCSwiftPackageProductDependency;
			package = E2324E0C2AEC223A00D012E1 /* XCRemoteSwiftPackageReference "LetterCase" */;
			productName = LetterCase;
		};
		E249DF5028A7587100479A6B /* KeyboardShortcuts */ = {
			isa = XCSwiftPackageProductDependency;
			package = E249DF4F28A7587100479A6B /* XCRemoteSwiftPackageReference "KeyboardShortcuts" */;
			productName = KeyboardShortcuts;
		};
		E282F0882AEA6857003035E2 /* SettingsAccess */ = {
			isa = XCSwiftPackageProductDependency;
			package = E282F0872AEA6857003035E2 /* XCRemoteSwiftPackageReference "SettingsAccess" */;
			productName = SettingsAccess;
		};
		E2D32E6B28A8CF7E00F52439 /* AXSwift */ = {
			isa = XCSwiftPackageProductDependency;
			package = E2D32E6A28A8CF7E00F52439 /* XCRemoteSwiftPackageReference "AXSwift" */;
			productName = AXSwift;
		};
/* End XCSwiftPackageProductDependency section */
	};
	rootObject = E249DF2E28A752B700479A6B /* Project object */;
}
